name: generate-bun-lock

on:
  push:
    branches: [chore/converge-bun-lock]

permissions:
  contents: write

jobs:
  lockfile:
    runs-on: ubuntu-latest
    steps:
      - uses: actions/checkout@8e8c483db84b4bee98b60c0593521ed34d9990e8 # v6.0.1
      - uses: oven-sh/setup-bun@0c5077e51419868618aeaa5fe8019c62421857d6 # v2.2.0
        with:
          bun-version: 1.4.0
      - name: Generate lockfile
        working-directory: web
        run: bun install --lockfile-only
      - name: Commit lockfile
        run: |
          git add web/bun.lock
          if git diff --cached --quiet; then
            exit 0
          fi
          git config user.name "github-actions[bot]"
          git config user.email "41898282+github-actions[bot]@users.noreply.github.com"
          git commit -m "Lock web dependencies"
          git push
